// !$*UTF8*$!
{
	archiveVersion = 1;
	classes = {
	};
	objectVersion = 54;
	objects = {

/* Begin PBXAggregateTarget section */
		3FA523EF8964461CB95ED643 /* ZERO_CHECK */ = {
			isa = PBXAggregateTarget;
			buildConfigurationList = 5A792E96205E43ABA1BDEC54 /* Build configuration list for PBXAggregateTarget "ZERO_CHECK" */;
			buildPhases = (
				C057D9DDB5A31639E015AEB0 /* Generate CMakeFiles/ZERO_CHECK */,
			);
			dependencies = (
			);
			name = ZERO_CHECK;
			productName = ZERO_CHECK;
		};
		B927E6FDE0844175A756DA4D /* ALL_BUILD */ = {
			isa = PBXAggregateTarget;
			buildConfigurationList = C9C53220FF574F9594E893F7 /* Build configuration list for PBXAggregateTarget "ALL_BUILD" */;
			buildPhases = (
				EE2B1F3E06EF6D7118CD5F17 /* Generate CMakeFiles/ALL_BUILD */,
			);
			dependencies = (
				13372E5CBB134F2BBD8C97A4 /* PBXTargetDependency */,
				D4D0CE74BD3343149E59D850 /* PBXTargetDependency */,
				80C7866B45B841C4A7F20F5F /* PBXTargetDependency */,
			);
			name = ALL_BUILD;
			productName = ALL_BUILD;
		};
/* End PBXAggregateTarget section */

/* Begin PBXBuildFile section */
		014DD14AC1C649C9B26200AD /* ISFAttr.cpp in Sources */ = {isa = PBXBuildFile; fileRef = EF42DB1E71514D5A8B84509B /* ISFAttr.cpp */; };
		079E72F20EE94DABAABFDA3A /* VVISF_Base.cpp in Sources */ = {isa = PBXBuildFile; fileRef = BEDEB49894B34B00B8AB4D4F /* VVISF_Base.cpp */; };
		3C368BAB8C0345F8AB9A0CD0 /* main.cpp in Sources */ = {isa = PBXBuildFile; fileRef = C72D5A89CF4E43CE9D892449 /* main.cpp */; };
		69BFA9A90F694848B4867DEA /* ISFVal.cpp in Sources */ = {isa = PBXBuildFile; fileRef = 6B0364830395497EA7A93FA8 /* ISFVal.cpp */; };
		9E207549391440FEA12C9797 /* VVISF_StringUtils.cpp in Sources */ = {isa = PBXBuildFile; fileRef = D02E4F98D10945B286A4C01B /* VVISF_StringUtils.cpp */; };
		CE2D1F351BC54702A91B4516 /* ISFDoc.cpp in Sources */ = {isa = PBXBuildFile; fileRef = EEFFF94B37544D22BD45C18E /* ISFDoc.cpp */; };
		FFA3636C016E45B5802FC886 /* ISFPassTarget.cpp in Sources */ = {isa = PBXBuildFile; fileRef = 4E814B90A9A443D7BB1BE6B2 /* ISFPassTarget.cpp */; };
/* End PBXBuildFile section */

/* Begin PBXContainerItemProxy section */
		5DC0466FA0184A2E9543045E /* PBXContainerItemProxy */ = {
			isa = PBXContainerItemProxy;
			containerPortal = 676857A2F3874953A8655167 /* Project object */;
			proxyType = 1;
			remoteGlobalIDString = A3D5CD6D7A6E4695A440D02B;
			remoteInfo = ISFGLSLGeneratorTestApp;
		};
		79751670310C4FAEA548AF76 /* PBXContainerItemProxy */ = {
			isa = PBXContainerItemProxy;
			containerPortal = 676857A2F3874953A8655167 /* Project object */;
			proxyType = 1;
			remoteGlobalIDString = 3FA523EF8964461CB95ED643;
			remoteInfo = ZERO_CHECK;
		};
		87C129DE986246A2BFD3C407 /* PBXContainerItemProxy */ = {
			isa = PBXContainerItemProxy;
			containerPortal = 676857A2F3874953A8655167 /* Project object */;
			proxyType = 1;
			remoteGlobalIDString = 9A6284DE16B4492881242A4F;
			remoteInfo = ISFGLSLGenerator;
		};
		B6CE2D628CAC4586B153FA1A /* PBXContainerItemProxy */ = {
			isa = PBXContainerItemProxy;
			containerPortal = 676857A2F3874953A8655167 /* Project object */;
			proxyType = 1;
			remoteGlobalIDString = 3FA523EF8964461CB95ED643;
			remoteInfo = ZERO_CHECK;
		};
		E20B561458E84E2593D7B16A /* PBXContainerItemProxy */ = {
			isa = PBXContainerItemProxy;
			containerPortal = 676857A2F3874953A8655167 /* Project object */;
			proxyType = 1;
			remoteGlobalIDString = 3FA523EF8964461CB95ED643;
			remoteInfo = ZERO_CHECK;
		};
		FB44FE92BFD94514A082AEAB /* PBXContainerItemProxy */ = {
			isa = PBXContainerItemProxy;
			containerPortal = 676857A2F3874953A8655167 /* Project object */;
			proxyType = 1;
			remoteGlobalIDString = 9A6284DE16B4492881242A4F;
			remoteInfo = ISFGLSLGenerator;
		};
/* End PBXContainerItemProxy section */

/* Begin PBXFileReference section */
		3EF7BB5FAE4F4EBFA25908CC /* ISFGLSLGeneratorTestApp */ = {isa = PBXFileReference; explicitFileType = "compiled.mach-o.executable"; path = ISFGLSLGeneratorTestApp; sourceTree = BUILT_PRODUCTS_DIR; };
		4E814B90A9A443D7BB1BE6B2 /* ISFPassTarget.cpp */ = {isa = PBXFileReference; explicitFileType = sourcecode.cpp.cpp; fileEncoding = 4; name = ISFPassTarget.cpp; path = libISFGLSLGenerator/src/ISFPassTarget.cpp; sourceTree = SOURCE_ROOT; };
		6B0364830395497EA7A93FA8 /* ISFVal.cpp */ = {isa = PBXFileReference; explicitFileType = sourcecode.cpp.cpp; fileEncoding = 4; name = ISFVal.cpp; path = libISFGLSLGenerator/src/ISFVal.cpp; sourceTree = SOURCE_ROOT; };
		902F721FA50E4125AE9B72D0 /* CMakeLists.txt */ = {isa = PBXFileReference; explicitFileType = sourcecode.text; fileEncoding = 4; lastKnownFileType = text; name = CMakeLists.txt; path = libISFGLSLGenerator/CMakeLists.txt; sourceTree = SOURCE_ROOT; };
		A5BEFF3C6C59477F93127502 /* CMakeLists.txt */ = {isa = PBXFileReference; explicitFileType = sourcecode.text; fileEncoding = 4; lastKnownFileType = text; name = CMakeLists.txt; path = app/CMakeLists.txt; sourceTree = SOURCE_ROOT; };
		BEDEB49894B34B00B8AB4D4F /* VVISF_Base.cpp */ = {isa = PBXFileReference; explicitFileType = sourcecode.cpp.cpp; fileEncoding = 4; name = VVISF_Base.cpp; path = libISFGLSLGenerator/src/VVISF_Base.cpp; sourceTree = SOURCE_ROOT; };
		C72D5A89CF4E43CE9D892449 /* main.cpp */ = {isa = PBXFileReference; explicitFileType = sourcecode.cpp.cpp; fileEncoding = 4; name = main.cpp; path = app/main.cpp; sourceTree = SOURCE_ROOT; };
		D02E4F98D10945B286A4C01B /* VVISF_StringUtils.cpp */ = {isa = PBXFileReference; explicitFileType = sourcecode.cpp.cpp; fileEncoding = 4; name = VVISF_StringUtils.cpp; path = libISFGLSLGenerator/src/VVISF_StringUtils.cpp; sourceTree = SOURCE_ROOT; };
		E0CDC4D968374C0D9DF6DBE1 /* libISFGLSLGenerator.dylib */ = {isa = PBXFileReference; explicitFileType = "compiled.mach-o.dylib"; path = libISFGLSLGenerator.dylib; sourceTree = BUILT_PRODUCTS_DIR; };
		EEFFF94B37544D22BD45C18E /* ISFDoc.cpp */ = {isa = PBXFileReference; explicitFileType = sourcecode.cpp.cpp; fileEncoding = 4; name = ISFDoc.cpp; path = libISFGLSLGenerator/src/ISFDoc.cpp; sourceTree = SOURCE_ROOT; };
		EF42DB1E71514D5A8B84509B /* ISFAttr.cpp */ = {isa = PBXFileReference; explicitFileType = sourcecode.cpp.cpp; fileEncoding = 4; name = ISFAttr.cpp; path = libISFGLSLGenerator/src/ISFAttr.cpp; sourceTree = SOURCE_ROOT; };
		FE17C9520AC142CBB3BDA091 /* CMakeLists.txt */ = {isa = PBXFileReference; explicitFileType = sourcecode.text; fileEncoding = 4; lastKnownFileType = text; path = CMakeLists.txt; sourceTree = SOURCE_ROOT; };
/* End PBXFileReference section */

/* Begin PBXFrameworksBuildPhase section */
		89E0552D1B00453AA7063F5C /* Frameworks */ = {
			isa = PBXFrameworksBuildPhase;
			buildActionMask = 2147483647;
			files = (
			);
			runOnlyForDeploymentPostprocessing = 0;
		};
		A400FA09BC7F4A6296CA72C2 /* Frameworks */ = {
			isa = PBXFrameworksBuildPhase;
			buildActionMask = 2147483647;
			files = (
			);
			runOnlyForDeploymentPostprocessing = 0;
		};
/* End PBXFrameworksBuildPhase section */

/* Begin PBXGroup section */
		0EFDE14C2D4A4B69994F4D24 /* Frameworks */ = {
			isa = PBXGroup;
			children = (
			);
			name = Frameworks;
			sourceTree = "<group>";
		};
		1776EB9369314D0C9869510D /* Products */ = {
			isa = PBXGroup;
			children = (
				E0CDC4D968374C0D9DF6DBE1 /* libISFGLSLGenerator.dylib */,
				3EF7BB5FAE4F4EBFA25908CC /* ISFGLSLGeneratorTestApp */,
			);
			name = Products;
			sourceTree = "<group>";
		};
		27F0DC512D54405582E5AC13 /* ISFGLSLGenerator */ = {
			isa = PBXGroup;
			children = (
				4B9304C0352548ACBE8107A2 /* Source Files */,
				902F721FA50E4125AE9B72D0 /* CMakeLists.txt */,
			);
			name = ISFGLSLGenerator;
			sourceTree = "<group>";
		};
		2BBA58F4215B415A866E40AA /* ISFGLSLGeneratorTestApp */ = {
			isa = PBXGroup;
			children = (
				A075889096844E4691026E0A /* Source Files */,
				A5BEFF3C6C59477F93127502 /* CMakeLists.txt */,
			);
			name = ISFGLSLGeneratorTestApp;
			sourceTree = "<group>";
		};
		49B7E03DB9E34EA981BC41AE /* ALL_BUILD */ = {
			isa = PBXGroup;
			children = (
				E7A62DC02A634BC2B9F19FAB /* CMake Rules */,
				FE17C9520AC142CBB3BDA091 /* CMakeLists.txt */,
			);
			name = ALL_BUILD;
			sourceTree = "<group>";
		};
		4B9304C0352548ACBE8107A2 /* Source Files */ = {
			isa = PBXGroup;
			children = (
				EF42DB1E71514D5A8B84509B /* ISFAttr.cpp */,
				EEFFF94B37544D22BD45C18E /* ISFDoc.cpp */,
				4E814B90A9A443D7BB1BE6B2 /* ISFPassTarget.cpp */,
				6B0364830395497EA7A93FA8 /* ISFVal.cpp */,
				BEDEB49894B34B00B8AB4D4F /* VVISF_Base.cpp */,
				D02E4F98D10945B286A4C01B /* VVISF_StringUtils.cpp */,
			);
			name = "Source Files";
			sourceTree = "<group>";
		};
		A075889096844E4691026E0A /* Source Files */ = {
			isa = PBXGroup;
			children = (
				C72D5A89CF4E43CE9D892449 /* main.cpp */,
			);
			name = "Source Files";
			sourceTree = "<group>";
		};
		D76347B07814432C9647C143 = {
			isa = PBXGroup;
			children = (
				49B7E03DB9E34EA981BC41AE /* ALL_BUILD */,
				27F0DC512D54405582E5AC13 /* ISFGLSLGenerator */,
				2BBA58F4215B415A866E40AA /* ISFGLSLGeneratorTestApp */,
				1776EB9369314D0C9869510D /* Products */,
				0EFDE14C2D4A4B69994F4D24 /* Frameworks */,
			);
			sourceTree = "<group>";
		};
		E7A62DC02A634BC2B9F19FAB /* CMake Rules */ = {
			isa = PBXGroup;
			children = (
			);
			name = "CMake Rules";
			sourceTree = "<group>";
		};
/* End PBXGroup section */

/* Begin PBXNativeTarget section */
		9A6284DE16B4492881242A4F /* ISFGLSLGenerator */ = {
			isa = PBXNativeTarget;
			buildConfigurationList = 52836B7E4A954DAF830D4A3D /* Build configuration list for PBXNativeTarget "ISFGLSLGenerator" */;
			buildPhases = (
				44778E300BA5489C8E5ED771 /* Sources */,
				A400FA09BC7F4A6296CA72C2 /* Frameworks */,
				8732A30BA9B9B9FB5B6FF12B /* CMake PostBuild Rules */,
			);
			buildRules = (
			);
			dependencies = (
				3C147E9B85714DF4B2E0E935 /* PBXTargetDependency */,
			);
			name = ISFGLSLGenerator;
			productName = ISFGLSLGenerator;
			productReference = E0CDC4D968374C0D9DF6DBE1 /* libISFGLSLGenerator.dylib */;
			productType = "com.apple.product-type.library.dynamic";
		};
		A3D5CD6D7A6E4695A440D02B /* ISFGLSLGeneratorTestApp */ = {
			isa = PBXNativeTarget;
			buildConfigurationList = 9B57DB77CA1B4487B419B020 /* Build configuration list for PBXNativeTarget "ISFGLSLGeneratorTestApp" */;
			buildPhases = (
				150D0C29744E4A448D1388F5 /* Sources */,
				89E0552D1B00453AA7063F5C /* Frameworks */,
			);
			buildRules = (
			);
			dependencies = (
				019BCA3DBF1549C39B587008 /* PBXTargetDependency */,
				A5E2D183D02C4D18839AA950 /* PBXTargetDependency */,
			);
			name = ISFGLSLGeneratorTestApp;
			productName = ISFGLSLGeneratorTestApp;
			productReference = 3EF7BB5FAE4F4EBFA25908CC /* ISFGLSLGeneratorTestApp */;
			productType = "com.apple.product-type.tool";
		};
/* End PBXNativeTarget section */

/* Begin PBXProject section */
		676857A2F3874953A8655167 /* Project object */ = {
			isa = PBXProject;
			attributes = {
				LastUpgradeCheck = 1340;
			};
			buildConfigurationList = 9016A86EDD6141F2AF64BE44 /* Build configuration list for PBXProject "ISFGLSLGeneratorProject" */;
			compatibilityVersion = "Xcode 3.2";
			developmentRegion = en;
			hasScannedForEncodings = 0;
			knownRegions = (
				en,
				Base,
			);
			mainGroup = D76347B07814432C9647C143;
			projectDirPath = /Users/testadmin/Documents/Switchyard/submodules/VVTestApps/ISFMSLKit/submodules/ISFGLSLGenerator;
			projectRoot = "";
			targets = (
				B927E6FDE0844175A756DA4D /* ALL_BUILD */,
				9A6284DE16B4492881242A4F /* ISFGLSLGenerator */,
				A3D5CD6D7A6E4695A440D02B /* ISFGLSLGeneratorTestApp */,
				3FA523EF8964461CB95ED643 /* ZERO_CHECK */,
			);
		};
/* End PBXProject section */

/* Begin PBXShellScriptBuildPhase section */
		8732A30BA9B9B9FB5B6FF12B /* CMake PostBuild Rules */ = {
			isa = PBXShellScriptBuildPhase;
			alwaysOutOfDate = 1;
			buildActionMask = 2147483647;
			files = (
			);
			name = "CMake PostBuild Rules";
			outputPaths = (
			);
			runOnlyForDeploymentPostprocessing = 0;
			shellPath = /bin/sh;
			shellScript = "set -e\nif test \"$CONFIGURATION\" = \"Debug\"; then :\n  cd /Users/testadmin/Documents/Switchyard/submodules/VVTestApps/ISFMSLKit/submodules/ISFGLSLGenerator/build/libISFGLSLGenerator\n  /Applications/CMake.app/Contents/bin/cmake -E cmake_symlink_library /Users/testadmin/Documents/Switchyard/submodules/VVTestApps/ISFMSLKit/submodules/ISFGLSLGenerator/build/libISFGLSLGenerator/Debug/libISFGLSLGenerator.dylib /Users/testadmin/Documents/Switchyard/submodules/VVTestApps/ISFMSLKit/submodules/ISFGLSLGenerator/build/libISFGLSLGenerator/Debug/libISFGLSLGenerator.dylib /Users/testadmin/Documents/Switchyard/submodules/VVTestApps/ISFMSLKit/submodules/ISFGLSLGenerator/build/libISFGLSLGenerator/Debug/libISFGLSLGenerator.dylib\nfi\nif test \"$CONFIGURATION\" = \"Release\"; then :\n  cd /Users/testadmin/Documents/Switchyard/submodules/VVTestApps/ISFMSLKit/submodules/ISFGLSLGenerator/build/libISFGLSLGenerator\n  /Applications/CMake.app/Contents/bin/cmake -E cmake_symlink_library /Users/testadmin/Documents/Switchyard/submodules/VVTestApps/ISFMSLKit/submodules/ISFGLSLGenerator/build/libISFGLSLGenerator/Release/libISFGLSLGenerator.dylib /Users/testadmin/Documents/Switchyard/submodules/VVTestApps/ISFMSLKit/submodules/ISFGLSLGenerator/build/libISFGLSLGenerator/Release/libISFGLSLGenerator.dylib /Users/testadmin/Documents/Switchyard/submodules/VVTestApps/ISFMSLKit/submodules/ISFGLSLGenerator/build/libISFGLSLGenerator/Release/libISFGLSLGenerator.dylib\nfi\nif test \"$CONFIGURATION\" = \"MinSizeRel\"; then :\n  cd /Users/testadmin/Documents/Switchyard/submodules/VVTestApps/ISFMSLKit/submodules/ISFGLSLGenerator/build/libISFGLSLGenerator\n  /Applications/CMake.app/Contents/bin/cmake -E cmake_symlink_library /Users/testadmin/Documents/Switchyard/submodules/VVTestApps/ISFMSLKit/submodules/ISFGLSLGenerator/build/libISFGLSLGenerator/MinSizeRel/libISFGLSLGenerator.dylib /Users/testadmin/Documents/Switchyard/submodules/VVTestApps/ISFMSLKit/submodules/ISFGLSLGenerator/build/libISFGLSLGenerator/MinSizeRel/libISFGLSLGenerator.dylib /Users/testadmin/Documents/Switchyard/submodules/VVTestApps/ISFMSLKit/submodules/ISFGLSLGenerator/build/libISFGLSLGenerator/MinSizeRel/libISFGLSLGenerator.dylib\nfi\nif test \"$CONFIGURATION\" = \"RelWithDebInfo\"; then :\n  cd /Users/testadmin/Documents/Switchyard/submodules/VVTestApps/ISFMSLKit/submodules/ISFGLSLGenerator/build/libISFGLSLGenerator\n  /Applications/CMake.app/Contents/bin/cmake -E cmake_symlink_library /Users/testadmin/Documents/Switchyard/submodules/VVTestApps/ISFMSLKit/submodules/ISFGLSLGenerator/build/libISFGLSLGenerator/RelWithDebInfo/libISFGLSLGenerator.dylib /Users/testadmin/Documents/Switchyard/submodules/VVTestApps/ISFMSLKit/submodules/ISFGLSLGenerator/build/libISFGLSLGenerator/RelWithDebInfo/libISFGLSLGenerator.dylib /Users/testadmin/Documents/Switchyard/submodules/VVTestApps/ISFMSLKit/submodules/ISFGLSLGenerator/build/libISFGLSLGenerator/RelWithDebInfo/libISFGLSLGenerator.dylib\nfi\n";
			showEnvVarsInLog = 0;
		};
		C057D9DDB5A31639E015AEB0 /* Generate CMakeFiles/ZERO_CHECK */ = {
			isa = PBXShellScriptBuildPhase;
			alwaysOutOfDate = 1;
			buildActionMask = 2147483647;
			files = (
			);
			inputPaths = (
			);
			name = "Generate CMakeFiles/ZERO_CHECK";
			outputPaths = (
				/Users/testadmin/Documents/Switchyard/submodules/VVTestApps/ISFMSLKit/submodules/ISFGLSLGenerator/build/CMakeFiles/ZERO_CHECK,
			);
			runOnlyForDeploymentPostprocessing = 0;
			shellPath = /bin/sh;
			shellScript = "set -e\nif test \"$CONFIGURATION\" = \"Debug\"; then :\n  cd /Users/testadmin/Documents/Switchyard/submodules/VVTestApps/ISFMSLKit/submodules/ISFGLSLGenerator/build\n  make -f /Users/testadmin/Documents/Switchyard/submodules/VVTestApps/ISFMSLKit/submodules/ISFGLSLGenerator/build/CMakeScripts/ReRunCMake.make\nfi\nif test \"$CONFIGURATION\" = \"Release\"; then :\n  cd /Users/testadmin/Documents/Switchyard/submodules/VVTestApps/ISFMSLKit/submodules/ISFGLSLGenerator/build\n  make -f /Users/testadmin/Documents/Switchyard/submodules/VVTestApps/ISFMSLKit/submodules/ISFGLSLGenerator/build/CMakeScripts/ReRunCMake.make\nfi\nif test \"$CONFIGURATION\" = \"MinSizeRel\"; then :\n  cd /Users/testadmin/Documents/Switchyard/submodules/VVTestApps/ISFMSLKit/submodules/ISFGLSLGenerator/build\n  make -f /Users/testadmin/Documents/Switchyard/submodules/VVTestApps/ISFMSLKit/submodules/ISFGLSLGenerator/build/CMakeScripts/ReRunCMake.make\nfi\nif test \"$CONFIGURATION\" = \"RelWithDebInfo\"; then :\n  cd /Users/testadmin/Documents/Switchyard/submodules/VVTestApps/ISFMSLKit/submodules/ISFGLSLGenerator/build\n  make -f /Users/testadmin/Documents/Switchyard/submodules/VVTestApps/ISFMSLKit/submodules/ISFGLSLGenerator/build/CMakeScripts/ReRunCMake.make\nfi\n";
			showEnvVarsInLog = 0;
		};
		EE2B1F3E06EF6D7118CD5F17 /* Generate CMakeFiles/ALL_BUILD */ = {
			isa = PBXShellScriptBuildPhase;
			alwaysOutOfDate = 1;
			buildActionMask = 2147483647;
			files = (
			);
			inputPaths = (
			);
			name = "Generate CMakeFiles/ALL_BUILD";
			outputPaths = (
				/Users/testadmin/Documents/Switchyard/submodules/VVTestApps/ISFMSLKit/submodules/ISFGLSLGenerator/build/CMakeFiles/ALL_BUILD,
			);
			runOnlyForDeploymentPostprocessing = 0;
			shellPath = /bin/sh;
			shellScript = "set -e\nif test \"$CONFIGURATION\" = \"Debug\"; then :\n  cd /Users/testadmin/Documents/Switchyard/submodules/VVTestApps/ISFMSLKit/submodules/ISFGLSLGenerator/build\n  echo Build\\ all\\ projects\nfi\nif test \"$CONFIGURATION\" = \"Release\"; then :\n  cd /Users/testadmin/Documents/Switchyard/submodules/VVTestApps/ISFMSLKit/submodules/ISFGLSLGenerator/build\n  echo Build\\ all\\ projects\nfi\nif test \"$CONFIGURATION\" = \"MinSizeRel\"; then :\n  cd /Users/testadmin/Documents/Switchyard/submodules/VVTestApps/ISFMSLKit/submodules/ISFGLSLGenerator/build\n  echo Build\\ all\\ projects\nfi\nif test \"$CONFIGURATION\" = \"RelWithDebInfo\"; then :\n  cd /Users/testadmin/Documents/Switchyard/submodules/VVTestApps/ISFMSLKit/submodules/ISFGLSLGenerator/build\n  echo Build\\ all\\ projects\nfi\n";
			showEnvVarsInLog = 0;
		};
/* End PBXShellScriptBuildPhase section */

/* Begin PBXSourcesBuildPhase section */
		150D0C29744E4A448D1388F5 /* Sources */ = {
			isa = PBXSourcesBuildPhase;
			buildActionMask = 2147483647;
			files = (
				3C368BAB8C0345F8AB9A0CD0 /* main.cpp in Sources */,
			);
			runOnlyForDeploymentPostprocessing = 0;
		};
		44778E300BA5489C8E5ED771 /* Sources */ = {
			isa = PBXSourcesBuildPhase;
			buildActionMask = 2147483647;
			files = (
				014DD14AC1C649C9B26200AD /* ISFAttr.cpp in Sources */,
				CE2D1F351BC54702A91B4516 /* ISFDoc.cpp in Sources */,
				FFA3636C016E45B5802FC886 /* ISFPassTarget.cpp in Sources */,
				69BFA9A90F694848B4867DEA /* ISFVal.cpp in Sources */,
				079E72F20EE94DABAABFDA3A /* VVISF_Base.cpp in Sources */,
				9E207549391440FEA12C9797 /* VVISF_StringUtils.cpp in Sources */,
			);
			runOnlyForDeploymentPostprocessing = 0;
		};
/* End PBXSourcesBuildPhase section */

/* Begin PBXTargetDependency section */
		019BCA3DBF1549C39B587008 /* PBXTargetDependency */ = {
			isa = PBXTargetDependency;
			target = 9A6284DE16B4492881242A4F /* ISFGLSLGenerator */;
			targetProxy = 87C129DE986246A2BFD3C407 /* PBXContainerItemProxy */;
		};
		13372E5CBB134F2BBD8C97A4 /* PBXTargetDependency */ = {
			isa = PBXTargetDependency;
			target = 9A6284DE16B4492881242A4F /* ISFGLSLGenerator */;
			targetProxy = FB44FE92BFD94514A082AEAB /* PBXContainerItemProxy */;
		};
		3C147E9B85714DF4B2E0E935 /* PBXTargetDependency */ = {
			isa = PBXTargetDependency;
			target = 3FA523EF8964461CB95ED643 /* ZERO_CHECK */;
			targetProxy = E20B561458E84E2593D7B16A /* PBXContainerItemProxy */;
		};
		80C7866B45B841C4A7F20F5F /* PBXTargetDependency */ = {
			isa = PBXTargetDependency;
			target = 3FA523EF8964461CB95ED643 /* ZERO_CHECK */;
			targetProxy = B6CE2D628CAC4586B153FA1A /* PBXContainerItemProxy */;
		};
		A5E2D183D02C4D18839AA950 /* PBXTargetDependency */ = {
			isa = PBXTargetDependency;
			target = 3FA523EF8964461CB95ED643 /* ZERO_CHECK */;
			targetProxy = 79751670310C4FAEA548AF76 /* PBXContainerItemProxy */;
		};
		D4D0CE74BD3343149E59D850 /* PBXTargetDependency */ = {
			isa = PBXTargetDependency;
			target = A3D5CD6D7A6E4695A440D02B /* ISFGLSLGeneratorTestApp */;
			targetProxy = 5DC0466FA0184A2E9543045E /* PBXContainerItemProxy */;
		};
/* End PBXTargetDependency section */

/* Begin XCBuildConfiguration section */
		0DA3024BD7914F1E95455D82 /* MinSizeRel */ = {
			isa = XCBuildConfiguration;
			buildSettings = {
				SDKROOT = /Applications/Xcode.app/Contents/Developer/Platforms/MacOSX.platform/Developer/SDKs/MacOSX12.3.sdk;
				SYMROOT = /Users/testadmin/Documents/Switchyard/submodules/VVTestApps/ISFMSLKit/submodules/ISFGLSLGenerator/build/build;
			};
			name = MinSizeRel;
		};
		13521BB4FBEB424D857B27D9 /* RelWithDebInfo */ = {
			isa = XCBuildConfiguration;
			buildSettings = {
				COMBINE_HIDPI_IMAGES = YES;
				CONFIGURATION_BUILD_DIR = /Users/testadmin/Documents/Switchyard/submodules/VVTestApps/ISFMSLKit/submodules/ISFGLSLGenerator/build/libISFGLSLGenerator/RelWithDebInfo;
				DYLIB_COMPATIBILITY_VERSION = "";
				DYLIB_CURRENT_VERSION = "";
				EXECUTABLE_PREFIX = lib;
				EXECUTABLE_SUFFIX = .dylib;
				GCC_GENERATE_DEBUGGING_SYMBOLS = YES;
				GCC_INLINES_ARE_PRIVATE_EXTERN = NO;
				GCC_OPTIMIZATION_LEVEL = 2;
				GCC_PREPROCESSOR_DEFINITIONS = (
					"'CMAKE_INTDIR=\"$(CONFIGURATION)$(EFFECTIVE_PLATFORM_NAME)\"'",
					ISFGLSLGenerator_EXPORTS,
					"'MAC=1'",
					"$(inherited)",
				);
				GCC_SYMBOLS_PRIVATE_EXTERN = NO;
				HEADER_SEARCH_PATHS = (
					/Users/testadmin/Documents/Switchyard/submodules/VVTestApps/ISFMSLKit/submodules/ISFGLSLGenerator/libISFGLSLGenerator/include,
					"$(inherited)",
				);
				INSTALL_PATH = "@rpath";
				LIBRARY_STYLE = DYNAMIC;
				ONLY_ACTIVE_ARCH = NO;
				OTHER_CPLUSPLUSFLAGS = (
					"-DNDEBUG",
					"-fPIC",
					"-v",
					"'-std=gnu++20'",
				);
				OTHER_LDFLAGS = (
					"-dynamiclib",
					"-Wl,-headerpad_max_install_names",
					"$(inherited)",
				);
				OTHER_REZFLAGS = "";
				PRODUCT_NAME = ISFGLSLGenerator;
				SECTORDER_FLAGS = "";
				TARGET_TEMP_DIR = "/Users/testadmin/Documents/Switchyard/submodules/VVTestApps/ISFMSLKit/submodules/ISFGLSLGenerator/build/build/ISFGLSLGenerator.build/$(CONFIGURATION)$(EFFECTIVE_PLATFORM_NAME)";
				USE_HEADERMAP = NO;
				WARNING_CFLAGS = "$(inherited)";
			};
			name = RelWithDebInfo;
		};
		159F05238906407989EF788E /* Release */ = {
			isa = XCBuildConfiguration;
			buildSettings = {
				COMBINE_HIDPI_IMAGES = YES;
				CONFIGURATION_BUILD_DIR = /Users/testadmin/Documents/Switchyard/submodules/VVTestApps/ISFMSLKit/submodules/ISFGLSLGenerator/build/libISFGLSLGenerator/Release;
				DYLIB_COMPATIBILITY_VERSION = "";
				DYLIB_CURRENT_VERSION = "";
				EXECUTABLE_PREFIX = lib;
				EXECUTABLE_SUFFIX = .dylib;
				GCC_GENERATE_DEBUGGING_SYMBOLS = NO;
				GCC_INLINES_ARE_PRIVATE_EXTERN = NO;
				GCC_OPTIMIZATION_LEVEL = 3;
				GCC_PREPROCESSOR_DEFINITIONS = (
					"'CMAKE_INTDIR=\"$(CONFIGURATION)$(EFFECTIVE_PLATFORM_NAME)\"'",
					ISFGLSLGenerator_EXPORTS,
					"'MAC=1'",
					"$(inherited)",
				);
				GCC_SYMBOLS_PRIVATE_EXTERN = NO;
				HEADER_SEARCH_PATHS = (
					/Users/testadmin/Documents/Switchyard/submodules/VVTestApps/ISFMSLKit/submodules/ISFGLSLGenerator/libISFGLSLGenerator/include,
					"$(inherited)",
				);
				INSTALL_PATH = "@rpath";
				LIBRARY_STYLE = DYNAMIC;
				ONLY_ACTIVE_ARCH = NO;
				OTHER_CPLUSPLUSFLAGS = (
					"-DNDEBUG",
					"-fPIC",
					"-v",
					"'-std=gnu++20'",
				);
				OTHER_LDFLAGS = (
					"-dynamiclib",
					"-Wl,-headerpad_max_install_names",
					"$(inherited)",
				);
				OTHER_REZFLAGS = "";
				PRODUCT_NAME = ISFGLSLGenerator;
				SECTORDER_FLAGS = "";
				TARGET_TEMP_DIR = "/Users/testadmin/Documents/Switchyard/submodules/VVTestApps/ISFMSLKit/submodules/ISFGLSLGenerator/build/build/ISFGLSLGenerator.build/$(CONFIGURATION)$(EFFECTIVE_PLATFORM_NAME)";
				USE_HEADERMAP = NO;
				WARNING_CFLAGS = "$(inherited)";
			};
			name = Release;
		};
		194A83DA44954476ACB720E0 /* MinSizeRel */ = {
			isa = XCBuildConfiguration;
			buildSettings = {
				ARCHS = arm64;
				COMBINE_HIDPI_IMAGES = YES;
				GCC_GENERATE_DEBUGGING_SYMBOLS = YES;
				GCC_INLINES_ARE_PRIVATE_EXTERN = NO;
				GCC_OPTIMIZATION_LEVEL = 0;
				GCC_PREPROCESSOR_DEFINITIONS = (
					"'CMAKE_INTDIR=\"$(CONFIGURATION)$(EFFECTIVE_PLATFORM_NAME)\"'",
					"$(inherited)",
				);
				GCC_SYMBOLS_PRIVATE_EXTERN = NO;
				INSTALL_PATH = "";
				ONLY_ACTIVE_ARCH = NO;
				OTHER_LDFLAGS = " $(inherited)";
				OTHER_REZFLAGS = "";
				PRODUCT_NAME = ALL_BUILD;
				SECTORDER_FLAGS = "";
				USE_HEADERMAP = NO;
				WARNING_CFLAGS = "$(inherited)";
			};
			name = MinSizeRel;
		};
		276CCECE0716464AAA917D56 /* RelWithDebInfo */ = {
			isa = XCBuildConfiguration;
			buildSettings = {
				SDKROOT = /Applications/Xcode.app/Contents/Developer/Platforms/MacOSX.platform/Developer/SDKs/MacOSX12.3.sdk;
				SYMROOT = /Users/testadmin/Documents/Switchyard/submodules/VVTestApps/ISFMSLKit/submodules/ISFGLSLGenerator/build/build;
			};
			name = RelWithDebInfo;
		};
		33D8ABFCE12F4860AC97CAF7 /* Debug */ = {
			isa = XCBuildConfiguration;
			buildSettings = {
				ARCHS = (
					arm64,
					x86_64,
				);
				COMBINE_HIDPI_IMAGES = YES;
				CONFIGURATION_BUILD_DIR = /Users/testadmin/Documents/Switchyard/submodules/VVTestApps/ISFMSLKit/submodules/ISFGLSLGenerator/build/app/Debug;
				EXECUTABLE_PREFIX = "";
				EXECUTABLE_SUFFIX = "";
				GCC_GENERATE_DEBUGGING_SYMBOLS = YES;
				GCC_INLINES_ARE_PRIVATE_EXTERN = NO;
				GCC_OPTIMIZATION_LEVEL = 0;
				GCC_PREPROCESSOR_DEFINITIONS = (
					"'CMAKE_INTDIR=\"$(CONFIGURATION)$(EFFECTIVE_PLATFORM_NAME)\"'",
					"'MAC=1'",
					"$(inherited)",
				);
				GCC_SYMBOLS_PRIVATE_EXTERN = NO;
				HEADER_SEARCH_PATHS = (
					/Users/testadmin/Documents/Switchyard/submodules/VVTestApps/ISFMSLKit/submodules/ISFGLSLGenerator/libISFGLSLGenerator/include,
					"$(inherited)",
				);
				INSTALL_PATH = "";
				LD_RUNPATH_SEARCH_PATHS = (
					/Users/testadmin/Documents/Switchyard/submodules/VVTestApps/ISFMSLKit/submodules/ISFGLSLGenerator/build/libISFGLSLGenerator/Debug,
					"$(inherited)",
				);
				ONLY_ACTIVE_ARCH = NO;
				OTHER_CPLUSPLUSFLAGS = "   '-std=gnu++20' ";
				OTHER_LDFLAGS = (
					"-Wl,-search_paths_first",
					"-Wl,-headerpad_max_install_names",
					/Users/testadmin/Documents/Switchyard/submodules/VVTestApps/ISFMSLKit/submodules/ISFGLSLGenerator/build/libISFGLSLGenerator/Debug/libISFGLSLGenerator.dylib,
					"$(inherited)",
				);
				OTHER_REZFLAGS = "";
				PRODUCT_NAME = ISFGLSLGeneratorTestApp;
				SECTORDER_FLAGS = "";
				TARGET_TEMP_DIR = "/Users/testadmin/Documents/Switchyard/submodules/VVTestApps/ISFMSLKit/submodules/ISFGLSLGenerator/build/build/ISFGLSLGeneratorTestApp.build/$(CONFIGURATION)$(EFFECTIVE_PLATFORM_NAME)";
				USE_HEADERMAP = NO;
				WARNING_CFLAGS = "$(inherited)";
			};
			name = Debug;
		};
		391A0F0ED59640B7917A7555 /* Debug */ = {
			isa = XCBuildConfiguration;
			buildSettings = {
				ARCHS = arm64;
				COMBINE_HIDPI_IMAGES = YES;
				GCC_GENERATE_DEBUGGING_SYMBOLS = YES;
				GCC_INLINES_ARE_PRIVATE_EXTERN = NO;
				GCC_OPTIMIZATION_LEVEL = 0;
				GCC_PREPROCESSOR_DEFINITIONS = (
					"'CMAKE_INTDIR=\"$(CONFIGURATION)$(EFFECTIVE_PLATFORM_NAME)\"'",
					"$(inherited)",
				);
				GCC_SYMBOLS_PRIVATE_EXTERN = NO;
				INSTALL_PATH = "";
				ONLY_ACTIVE_ARCH = NO;
				OTHER_LDFLAGS = " $(inherited)";
				OTHER_REZFLAGS = "";
				PRODUCT_NAME = ALL_BUILD;
				SECTORDER_FLAGS = "";
				USE_HEADERMAP = NO;
				WARNING_CFLAGS = "$(inherited)";
			};
			name = Debug;
		};
		4D51CBE90E1E42DD91ED631F /* Debug */ = {
			isa = XCBuildConfiguration;
			buildSettings = {
				COMBINE_HIDPI_IMAGES = YES;
				CONFIGURATION_BUILD_DIR = /Users/testadmin/Documents/Switchyard/submodules/VVTestApps/ISFMSLKit/submodules/ISFGLSLGenerator/build/libISFGLSLGenerator/Debug;
				DYLIB_COMPATIBILITY_VERSION = "";
				DYLIB_CURRENT_VERSION = "";
				EXECUTABLE_PREFIX = lib;
				EXECUTABLE_SUFFIX = .dylib;
				GCC_GENERATE_DEBUGGING_SYMBOLS = YES;
				GCC_INLINES_ARE_PRIVATE_EXTERN = NO;
				GCC_OPTIMIZATION_LEVEL = 0;
				GCC_PREPROCESSOR_DEFINITIONS = (
					"'CMAKE_INTDIR=\"$(CONFIGURATION)$(EFFECTIVE_PLATFORM_NAME)\"'",
					ISFGLSLGenerator_EXPORTS,
					"'MAC=1'",
					"$(inherited)",
				);
				GCC_SYMBOLS_PRIVATE_EXTERN = NO;
				HEADER_SEARCH_PATHS = (
					/Users/testadmin/Documents/Switchyard/submodules/VVTestApps/ISFMSLKit/submodules/ISFGLSLGenerator/libISFGLSLGenerator/include,
					"$(inherited)",
				);
				INSTALL_PATH = "@rpath";
				LIBRARY_STYLE = DYNAMIC;
				ONLY_ACTIVE_ARCH = NO;
				OTHER_CPLUSPLUSFLAGS = (
					"-fPIC",
					"-v",
					"'-std=gnu++20'",
				);
				OTHER_LDFLAGS = (
					"-dynamiclib",
					"-Wl,-headerpad_max_install_names",
					"$(inherited)",
				);
				OTHER_REZFLAGS = "";
				PRODUCT_NAME = ISFGLSLGenerator;
				SECTORDER_FLAGS = "";
				TARGET_TEMP_DIR = "/Users/testadmin/Documents/Switchyard/submodules/VVTestApps/ISFMSLKit/submodules/ISFGLSLGenerator/build/build/ISFGLSLGenerator.build/$(CONFIGURATION)$(EFFECTIVE_PLATFORM_NAME)";
				USE_HEADERMAP = NO;
				WARNING_CFLAGS = "$(inherited)";
			};
			name = Debug;
		};
		5108D1CF84264DB29E45C65B /* RelWithDebInfo */ = {
			isa = XCBuildConfiguration;
			buildSettings = {
				ARCHS = arm64;
				COMBINE_HIDPI_IMAGES = YES;
				GCC_GENERATE_DEBUGGING_SYMBOLS = YES;
				GCC_INLINES_ARE_PRIVATE_EXTERN = NO;
				GCC_OPTIMIZATION_LEVEL = 0;
				GCC_PREPROCESSOR_DEFINITIONS = (
					"'CMAKE_INTDIR=\"$(CONFIGURATION)$(EFFECTIVE_PLATFORM_NAME)\"'",
					"$(inherited)",
				);
				GCC_SYMBOLS_PRIVATE_EXTERN = NO;
				INSTALL_PATH = "";
				ONLY_ACTIVE_ARCH = NO;
				OTHER_LDFLAGS = " $(inherited)";
				OTHER_REZFLAGS = "";
				PRODUCT_NAME = ZERO_CHECK;
				SECTORDER_FLAGS = "";
				USE_HEADERMAP = NO;
				WARNING_CFLAGS = "$(inherited)";
			};
			name = RelWithDebInfo;
		};
		539B38904BB94A2BAC052070 /* Debug */ = {
			isa = XCBuildConfiguration;
			buildSettings = {
				ARCHS = arm64;
				COMBINE_HIDPI_IMAGES = YES;
				GCC_GENERATE_DEBUGGING_SYMBOLS = YES;
				GCC_INLINES_ARE_PRIVATE_EXTERN = NO;
				GCC_OPTIMIZATION_LEVEL = 0;
				GCC_PREPROCESSOR_DEFINITIONS = (
					"'CMAKE_INTDIR=\"$(CONFIGURATION)$(EFFECTIVE_PLATFORM_NAME)\"'",
					"$(inherited)",
				);
				GCC_SYMBOLS_PRIVATE_EXTERN = NO;
				INSTALL_PATH = "";
				ONLY_ACTIVE_ARCH = NO;
				OTHER_LDFLAGS = " $(inherited)";
				OTHER_REZFLAGS = "";
				PRODUCT_NAME = ZERO_CHECK;
				SECTORDER_FLAGS = "";
				USE_HEADERMAP = NO;
				WARNING_CFLAGS = "$(inherited)";
			};
			name = Debug;
		};
		59EDA4C69DC3426DA39A7C4C /* Debug */ = {
			isa = XCBuildConfiguration;
			buildSettings = {
				SDKROOT = /Applications/Xcode.app/Contents/Developer/Platforms/MacOSX.platform/Developer/SDKs/MacOSX12.3.sdk;
				SYMROOT = /Users/testadmin/Documents/Switchyard/submodules/VVTestApps/ISFMSLKit/submodules/ISFGLSLGenerator/build/build;
			};
			name = Debug;
		};
		6BC5C3EBEFED4C90AB6CE9C7 /* Release */ = {
			isa = XCBuildConfiguration;
			buildSettings = {
				ARCHS = (
					arm64,
					x86_64,
				);
				COMBINE_HIDPI_IMAGES = YES;
				CONFIGURATION_BUILD_DIR = /Users/testadmin/Documents/Switchyard/submodules/VVTestApps/ISFMSLKit/submodules/ISFGLSLGenerator/build/app/Release;
				EXECUTABLE_PREFIX = "";
				EXECUTABLE_SUFFIX = "";
				GCC_GENERATE_DEBUGGING_SYMBOLS = NO;
				GCC_INLINES_ARE_PRIVATE_EXTERN = NO;
				GCC_OPTIMIZATION_LEVEL = 3;
				GCC_PREPROCESSOR_DEFINITIONS = (
					"'CMAKE_INTDIR=\"$(CONFIGURATION)$(EFFECTIVE_PLATFORM_NAME)\"'",
					"'MAC=1'",
					"$(inherited)",
				);
				GCC_SYMBOLS_PRIVATE_EXTERN = NO;
				HEADER_SEARCH_PATHS = (
					/Users/testadmin/Documents/Switchyard/submodules/VVTestApps/ISFMSLKit/submodules/ISFGLSLGenerator/libISFGLSLGenerator/include,
					"$(inherited)",
				);
				INSTALL_PATH = "";
				LD_RUNPATH_SEARCH_PATHS = (
					/Users/testadmin/Documents/Switchyard/submodules/VVTestApps/ISFMSLKit/submodules/ISFGLSLGenerator/build/libISFGLSLGenerator/Release,
					"$(inherited)",
				);
				ONLY_ACTIVE_ARCH = NO;
				OTHER_CPLUSPLUSFLAGS = (
					"-DNDEBUG",
					"'-std=gnu++20'",
				);
				OTHER_LDFLAGS = (
					"-Wl,-search_paths_first",
					"-Wl,-headerpad_max_install_names",
					/Users/testadmin/Documents/Switchyard/submodules/VVTestApps/ISFMSLKit/submodules/ISFGLSLGenerator/build/libISFGLSLGenerator/Release/libISFGLSLGenerator.dylib,
					"$(inherited)",
				);
				OTHER_REZFLAGS = "";
				PRODUCT_NAME = ISFGLSLGeneratorTestApp;
				SECTORDER_FLAGS = "";
				TARGET_TEMP_DIR = "/Users/testadmin/Documents/Switchyard/submodules/VVTestApps/ISFMSLKit/submodules/ISFGLSLGenerator/build/build/ISFGLSLGeneratorTestApp.build/$(CONFIGURATION)$(EFFECTIVE_PLATFORM_NAME)";
				USE_HEADERMAP = NO;
				WARNING_CFLAGS = "$(inherited)";
			};
			name = Release;
		};
		7BF491A335DC4C488823B778 /* RelWithDebInfo */ = {
			isa = XCBuildConfiguration;
			buildSettings = {
				ARCHS = (
					arm64,
					x86_64,
				);
				COMBINE_HIDPI_IMAGES = YES;
				CONFIGURATION_BUILD_DIR = /Users/testadmin/Documents/Switchyard/submodules/VVTestApps/ISFMSLKit/submodules/ISFGLSLGenerator/build/app/RelWithDebInfo;
				EXECUTABLE_PREFIX = "";
				EXECUTABLE_SUFFIX = "";
				GCC_GENERATE_DEBUGGING_SYMBOLS = YES;
				GCC_INLINES_ARE_PRIVATE_EXTERN = NO;
				GCC_OPTIMIZATION_LEVEL = 2;
				GCC_PREPROCESSOR_DEFINITIONS = (
					"'CMAKE_INTDIR=\"$(CONFIGURATION)$(EFFECTIVE_PLATFORM_NAME)\"'",
					"'MAC=1'",
					"$(inherited)",
				);
				GCC_SYMBOLS_PRIVATE_EXTERN = NO;
				HEADER_SEARCH_PATHS = (
					/Users/testadmin/Documents/Switchyard/submodules/VVTestApps/ISFMSLKit/submodules/ISFGLSLGenerator/libISFGLSLGenerator/include,
					"$(inherited)",
				);
				INSTALL_PATH = "";
				LD_RUNPATH_SEARCH_PATHS = (
					/Users/testadmin/Documents/Switchyard/submodules/VVTestApps/ISFMSLKit/submodules/ISFGLSLGenerator/build/libISFGLSLGenerator/RelWithDebInfo,
					"$(inherited)",
				);
				ONLY_ACTIVE_ARCH = NO;
				OTHER_CPLUSPLUSFLAGS = (
					"-DNDEBUG",
					"'-std=gnu++20'",
				);
				OTHER_LDFLAGS = (
					"-Wl,-search_paths_first",
					"-Wl,-headerpad_max_install_names",
					/Users/testadmin/Documents/Switchyard/submodules/VVTestApps/ISFMSLKit/submodules/ISFGLSLGenerator/build/libISFGLSLGenerator/RelWithDebInfo/libISFGLSLGenerator.dylib,
					"$(inherited)",
				);
				OTHER_REZFLAGS = "";
				PRODUCT_NAME = ISFGLSLGeneratorTestApp;
				SECTORDER_FLAGS = "";
				TARGET_TEMP_DIR = "/Users/testadmin/Documents/Switchyard/submodules/VVTestApps/ISFMSLKit/submodules/ISFGLSLGenerator/build/build/ISFGLSLGeneratorTestApp.build/$(CONFIGURATION)$(EFFECTIVE_PLATFORM_NAME)";
				USE_HEADERMAP = NO;
				WARNING_CFLAGS = "$(inherited)";
			};
			name = RelWithDebInfo;
		};
		A47315365A7045C18E367CE4 /* MinSizeRel */ = {
			isa = XCBuildConfiguration;
			buildSettings = {
				ARCHS = arm64;
				COMBINE_HIDPI_IMAGES = YES;
				GCC_GENERATE_DEBUGGING_SYMBOLS = YES;
				GCC_INLINES_ARE_PRIVATE_EXTERN = NO;
				GCC_OPTIMIZATION_LEVEL = 0;
				GCC_PREPROCESSOR_DEFINITIONS = (
					"'CMAKE_INTDIR=\"$(CONFIGURATION)$(EFFECTIVE_PLATFORM_NAME)\"'",
					"$(inherited)",
				);
				GCC_SYMBOLS_PRIVATE_EXTERN = NO;
				INSTALL_PATH = "";
				ONLY_ACTIVE_ARCH = NO;
				OTHER_LDFLAGS = " $(inherited)";
				OTHER_REZFLAGS = "";
				PRODUCT_NAME = ZERO_CHECK;
				SECTORDER_FLAGS = "";
				USE_HEADERMAP = NO;
				WARNING_CFLAGS = "$(inherited)";
			};
			name = MinSizeRel;
		};
		A813469045B240BE95419F56 /* RelWithDebInfo */ = {
			isa = XCBuildConfiguration;
			buildSettings = {
				ARCHS = arm64;
				COMBINE_HIDPI_IMAGES = YES;
				GCC_GENERATE_DEBUGGING_SYMBOLS = YES;
				GCC_INLINES_ARE_PRIVATE_EXTERN = NO;
				GCC_OPTIMIZATION_LEVEL = 0;
				GCC_PREPROCESSOR_DEFINITIONS = (
					"'CMAKE_INTDIR=\"$(CONFIGURATION)$(EFFECTIVE_PLATFORM_NAME)\"'",
					"$(inherited)",
				);
				GCC_SYMBOLS_PRIVATE_EXTERN = NO;
				INSTALL_PATH = "";
				ONLY_ACTIVE_ARCH = NO;
				OTHER_LDFLAGS = " $(inherited)";
				OTHER_REZFLAGS = "";
				PRODUCT_NAME = ALL_BUILD;
				SECTORDER_FLAGS = "";
				USE_HEADERMAP = NO;
				WARNING_CFLAGS = "$(inherited)";
			};
			name = RelWithDebInfo;
		};
		B2B2D0ECB1094321BAF1D3AD /* Release */ = {
			isa = XCBuildConfiguration;
			buildSettings = {
				ARCHS = arm64;
				COMBINE_HIDPI_IMAGES = YES;
				GCC_GENERATE_DEBUGGING_SYMBOLS = YES;
				GCC_INLINES_ARE_PRIVATE_EXTERN = NO;
				GCC_OPTIMIZATION_LEVEL = 0;
				GCC_PREPROCESSOR_DEFINITIONS = (
					"'CMAKE_INTDIR=\"$(CONFIGURATION)$(EFFECTIVE_PLATFORM_NAME)\"'",
					"$(inherited)",
				);
				GCC_SYMBOLS_PRIVATE_EXTERN = NO;
				INSTALL_PATH = "";
				ONLY_ACTIVE_ARCH = NO;
				OTHER_LDFLAGS = " $(inherited)";
				OTHER_REZFLAGS = "";
				PRODUCT_NAME = ALL_BUILD;
				SECTORDER_FLAGS = "";
				USE_HEADERMAP = NO;
				WARNING_CFLAGS = "$(inherited)";
			};
			name = Release;
		};
		EA39CD963F7444D2B6BB03C4 /* Release */ = {
			isa = XCBuildConfiguration;
			buildSettings = {
				SDKROOT = /Applications/Xcode.app/Contents/Developer/Platforms/MacOSX.platform/Developer/SDKs/MacOSX12.3.sdk;
				SYMROOT = /Users/testadmin/Documents/Switchyard/submodules/VVTestApps/ISFMSLKit/submodules/ISFGLSLGenerator/build/build;
			};
			name = Release;
		};
		EFF1130F793F42EE9958A715 /* MinSizeRel */ = {
			isa = XCBuildConfiguration;
			buildSettings = {
				COMBINE_HIDPI_IMAGES = YES;
				CONFIGURATION_BUILD_DIR = /Users/testadmin/Documents/Switchyard/submodules/VVTestApps/ISFMSLKit/submodules/ISFGLSLGenerator/build/libISFGLSLGenerator/MinSizeRel;
				DYLIB_COMPATIBILITY_VERSION = "";
				DYLIB_CURRENT_VERSION = "";
				EXECUTABLE_PREFIX = lib;
				EXECUTABLE_SUFFIX = .dylib;
				GCC_GENERATE_DEBUGGING_SYMBOLS = NO;
				GCC_INLINES_ARE_PRIVATE_EXTERN = NO;
				GCC_OPTIMIZATION_LEVEL = s;
				GCC_PREPROCESSOR_DEFINITIONS = (
					"'CMAKE_INTDIR=\"$(CONFIGURATION)$(EFFECTIVE_PLATFORM_NAME)\"'",
					ISFGLSLGenerator_EXPORTS,
					"'MAC=1'",
					"$(inherited)",
				);
				GCC_SYMBOLS_PRIVATE_EXTERN = NO;
				HEADER_SEARCH_PATHS = (
					/Users/testadmin/Documents/Switchyard/submodules/VVTestApps/ISFMSLKit/submodules/ISFGLSLGenerator/libISFGLSLGenerator/include,
					"$(inherited)",
				);
				INSTALL_PATH = "@rpath";
				LIBRARY_STYLE = DYNAMIC;
				ONLY_ACTIVE_ARCH = NO;
				OTHER_CPLUSPLUSFLAGS = (
					"-DNDEBUG",
					"-fPIC",
					"-v",
					"'-std=gnu++20'",
				);
				OTHER_LDFLAGS = (
					"-dynamiclib",
					"-Wl,-headerpad_max_install_names",
					"$(inherited)",
				);
				OTHER_REZFLAGS = "";
				PRODUCT_NAME = ISFGLSLGenerator;
				SECTORDER_FLAGS = "";
				TARGET_TEMP_DIR = "/Users/testadmin/Documents/Switchyard/submodules/VVTestApps/ISFMSLKit/submodules/ISFGLSLGenerator/build/build/ISFGLSLGenerator.build/$(CONFIGURATION)$(EFFECTIVE_PLATFORM_NAME)";
				USE_HEADERMAP = NO;
				WARNING_CFLAGS = "$(inherited)";
			};
			name = MinSizeRel;
		};
		F3F7EBF0710044DDB9C0271A /* Release */ = {
			isa = XCBuildConfiguration;
			buildSettings = {
				ARCHS = arm64;
				COMBINE_HIDPI_IMAGES = YES;
				GCC_GENERATE_DEBUGGING_SYMBOLS = YES;
				GCC_INLINES_ARE_PRIVATE_EXTERN = NO;
				GCC_OPTIMIZATION_LEVEL = 0;
				GCC_PREPROCESSOR_DEFINITIONS = (
					"'CMAKE_INTDIR=\"$(CONFIGURATION)$(EFFECTIVE_PLATFORM_NAME)\"'",
					"$(inherited)",
				);
				GCC_SYMBOLS_PRIVATE_EXTERN = NO;
				INSTALL_PATH = "";
				ONLY_ACTIVE_ARCH = NO;
				OTHER_LDFLAGS = " $(inherited)";
				OTHER_REZFLAGS = "";
				PRODUCT_NAME = ZERO_CHECK;
				SECTORDER_FLAGS = "";
				USE_HEADERMAP = NO;
				WARNING_CFLAGS = "$(inherited)";
			};
			name = Release;
		};
		F68BCE0BB06B4446BE76F78B /* MinSizeRel */ = {
			isa = XCBuildConfiguration;
			buildSettings = {
				ARCHS = (
					arm64,
					x86_64,
				);
				COMBINE_HIDPI_IMAGES = YES;
				CONFIGURATION_BUILD_DIR = /Users/testadmin/Documents/Switchyard/submodules/VVTestApps/ISFMSLKit/submodules/ISFGLSLGenerator/build/app/MinSizeRel;
				EXECUTABLE_PREFIX = "";
				EXECUTABLE_SUFFIX = "";
				GCC_GENERATE_DEBUGGING_SYMBOLS = NO;
				GCC_INLINES_ARE_PRIVATE_EXTERN = NO;
				GCC_OPTIMIZATION_LEVEL = s;
				GCC_PREPROCESSOR_DEFINITIONS = (
					"'CMAKE_INTDIR=\"$(CONFIGURATION)$(EFFECTIVE_PLATFORM_NAME)\"'",
					"'MAC=1'",
					"$(inherited)",
				);
				GCC_SYMBOLS_PRIVATE_EXTERN = NO;
				HEADER_SEARCH_PATHS = (
					/Users/testadmin/Documents/Switchyard/submodules/VVTestApps/ISFMSLKit/submodules/ISFGLSLGenerator/libISFGLSLGenerator/include,
					"$(inherited)",
				);
				INSTALL_PATH = "";
				LD_RUNPATH_SEARCH_PATHS = (
					/Users/testadmin/Documents/Switchyard/submodules/VVTestApps/ISFMSLKit/submodules/ISFGLSLGenerator/build/libISFGLSLGenerator/MinSizeRel,
					"$(inherited)",
				);
				ONLY_ACTIVE_ARCH = NO;
				OTHER_CPLUSPLUSFLAGS = (
					"-DNDEBUG",
					"'-std=gnu++20'",
				);
				OTHER_LDFLAGS = (
					"-Wl,-search_paths_first",
					"-Wl,-headerpad_max_install_names",
					/Users/testadmin/Documents/Switchyard/submodules/VVTestApps/ISFMSLKit/submodules/ISFGLSLGenerator/build/libISFGLSLGenerator/MinSizeRel/libISFGLSLGenerator.dylib,
					"$(inherited)",
				);
				OTHER_REZFLAGS = "";
				PRODUCT_NAME = ISFGLSLGeneratorTestApp;
				SECTORDER_FLAGS = "";
				TARGET_TEMP_DIR = "/Users/testadmin/Documents/Switchyard/submodules/VVTestApps/ISFMSLKit/submodules/ISFGLSLGenerator/build/build/ISFGLSLGeneratorTestApp.build/$(CONFIGURATION)$(EFFECTIVE_PLATFORM_NAME)";
				USE_HEADERMAP = NO;
				WARNING_CFLAGS = "$(inherited)";
			};
			name = MinSizeRel;
		};
/* End XCBuildConfiguration section */

/* Begin XCConfigurationList section */
		52836B7E4A954DAF830D4A3D /* Build configuration list for PBXNativeTarget "ISFGLSLGenerator" */ = {
			isa = XCConfigurationList;
			buildConfigurations = (
				4D51CBE90E1E42DD91ED631F /* Debug */,
				159F05238906407989EF788E /* Release */,
				EFF1130F793F42EE9958A715 /* MinSizeRel */,
				13521BB4FBEB424D857B27D9 /* RelWithDebInfo */,
			);
			defaultConfigurationIsVisible = 0;
			defaultConfigurationName = Debug;
		};
		5A792E96205E43ABA1BDEC54 /* Build configuration list for PBXAggregateTarget "ZERO_CHECK" */ = {
			isa = XCConfigurationList;
			buildConfigurations = (
				539B38904BB94A2BAC052070 /* Debug */,
				F3F7EBF0710044DDB9C0271A /* Release */,
				A47315365A7045C18E367CE4 /* MinSizeRel */,
				5108D1CF84264DB29E45C65B /* RelWithDebInfo */,
			);
			defaultConfigurationIsVisible = 0;
			defaultConfigurationName = Debug;
		};
		9016A86EDD6141F2AF64BE44 /* Build configuration list for PBXProject "ISFGLSLGeneratorProject" */ = {
			isa = XCConfigurationList;
			buildConfigurations = (
				59EDA4C69DC3426DA39A7C4C /* Debug */,
				EA39CD963F7444D2B6BB03C4 /* Release */,
				0DA3024BD7914F1E95455D82 /* MinSizeRel */,
				276CCECE0716464AAA917D56 /* RelWithDebInfo */,
			);
			defaultConfigurationIsVisible = 0;
			defaultConfigurationName = Debug;
		};
		9B57DB77CA1B4487B419B020 /* Build configuration list for PBXNativeTarget "ISFGLSLGeneratorTestApp" */ = {
			isa = XCConfigurationList;
			buildConfigurations = (
				33D8ABFCE12F4860AC97CAF7 /* Debug */,
				6BC5C3EBEFED4C90AB6CE9C7 /* Release */,
				F68BCE0BB06B4446BE76F78B /* MinSizeRel */,
				7BF491A335DC4C488823B778 /* RelWithDebInfo */,
			);
			defaultConfigurationIsVisible = 0;
			defaultConfigurationName = Debug;
		};
		C9C53220FF574F9594E893F7 /* Build configuration list for PBXAggregateTarget "ALL_BUILD" */ = {
			isa = XCConfigurationList;
			buildConfigurations = (
				391A0F0ED59640B7917A7555 /* Debug */,
				B2B2D0ECB1094321BAF1D3AD /* Release */,
				194A83DA44954476ACB720E0 /* MinSizeRel */,
				A813469045B240BE95419F56 /* RelWithDebInfo */,
			);
			defaultConfigurationIsVisible = 0;
			defaultConfigurationName = Debug;
		};
/* End XCConfigurationList section */
	};
	rootObject = 676857A2F3874953A8655167 /* Project object */;
}
